
Microsoft Visual Studio Solution File, Format Version 12.00
# Visual Studio 2012
Project("{FAE04EC0-301F-11D3-BF4B-00C04F79EFBC}") = "TrainIt", "TrainIt\TrainIt.csproj", "{4E6C1541-1522-4486-822D-EDFF88803C42}"
EndProject
Project("{FAE04EC0-301F-11D3-BF4B-00C04F79EFBC}") = "TrainItLibrary", "TrainItLibrary\TrainItLibrary.csproj", "{77BC6B6A-6956-48A4-9A35-C0F3E4D3C825}"
EndProject
Project("{FAE04EC0-301F-11D3-BF4B-00C04F79EFBC}") = "TrainItTests", "TrainItTests\TrainItTests.csproj", "{DF59F7DD-3170-4FBD-8014-589787AF4D60}"
EndProject
Global
	GlobalSection(SolutionConfigurationPlatforms) = preSolution
		CD_ROM|Any CPU = CD_ROM|Any CPU
		Debug|Any CPU = Debug|Any CPU
		DVD-5|Any CPU = DVD-5|Any CPU
		Release|Any CPU = Release|Any CPU
		SingleImage|Any CPU = SingleImage|Any CPU
	EndGlobalSection
	GlobalSection(ProjectConfigurationPlatforms) = postSolution
		{4E6C1541-1522-4486-822D-EDFF88803C42}.CD_ROM|Any CPU.ActiveCfg = Release|Any CPU
		{4E6C1541-1522-4486-822D-EDFF88803C42}.CD_ROM|Any CPU.Build.0 = Release|Any CPU
		{4E6C1541-1522-4486-822D-EDFF88803C42}.Debug|Any CPU.ActiveCfg = Debug|Any CPU
		{4E6C1541-1522-4486-822D-EDFF88803C42}.Debug|Any CPU.Build.0 = Debug|Any CPU
		{4E6C1541-1522-4486-822D-EDFF88803C42}.Debug|Any CPU.Deploy.0 = Debug|Any CPU
		{4E6C1541-1522-4486-822D-EDFF88803C42}.DVD-5|Any CPU.ActiveCfg = Debug|Any CPU
		{4E6C1541-1522-4486-822D-EDFF88803C42}.DVD-5|Any CPU.Build.0 = Debug|Any CPU
		{4E6C1541-1522-4486-822D-EDFF88803C42}.Release|Any CPU.ActiveCfg = Release|Any CPU
		{4E6C1541-1522-4486-822D-EDFF88803C42}.Release|Any CPU.Build.0 = Release|Any CPU
		{4E6C1541-1522-4486-822D-EDFF88803C42}.SingleImage|Any CPU.ActiveCfg = Release|Any CPU
		{4E6C1541-1522-4486-822D-EDFF88803C42}.SingleImage|Any CPU.Build.0 = Release|Any CPU
		{77BC6B6A-6956-48A4-9A35-C0F3E4D3C825}.CD_ROM|Any CPU.ActiveCfg = Release|Any CPU
		{77BC6B6A-6956-48A4-9A35-C0F3E4D3C825}.CD_ROM|Any CPU.Build.0 = Release|Any CPU
		{77BC6B6A-6956-48A4-9A35-C0F3E4D3C825}.Debug|Any CPU.ActiveCfg = Debug|Any CPU
		{77BC6B6A-6956-48A4-9A35-C0F3E4D3C825}.Debug|Any CPU.Build.0 = Debug|Any CPU
		{77BC6B6A-6956-48A4-9A35-C0F3E4D3C825}.DVD-5|Any CPU.ActiveCfg = Debug|Any CPU
		{77BC6B6A-6956-48A4-9A35-C0F3E4D3C825}.DVD-5|Any CPU.Build.0 = Debug|Any CPU
		{77BC6B6A-6956-48A4-9A35-C0F3E4D3C825}.Release|Any CPU.ActiveCfg = Release|Any CPU
		{77BC6B6A-6956-48A4-9A35-C0F3E4D3C825}.Release|Any CPU.Build.0 = Release|Any CPU
		{77BC6B6A-6956-48A4-9A35-C0F3E4D3C825}.SingleImage|Any CPU.ActiveCfg = Release|Any CPU
		{77BC6B6A-6956-48A4-9A35-C0F3E4D3C825}.SingleImage|Any CPU.Build.0 = Release|Any CPU
		{DF59F7DD-3170-4FBD-8014-589787AF4D60}.CD_ROM|Any CPU.ActiveCfg = Release|Any CPU
		{DF59F7DD-3170-4FBD-8014-589787AF4D60}.CD_ROM|Any CPU.Build.0 = Release|Any CPU
		{DF59F7DD-3170-4FBD-8014-589787AF4D60}.Debug|Any CPU.ActiveCfg = Debug|Any CPU
		{DF59F7DD-3170-4FBD-8014-589787AF4D60}.Debug|Any CPU.Build.0 = Debug|Any CPU
		{DF59F7DD-3170-4FBD-8014-589787AF4D60}.DVD-5|Any CPU.ActiveCfg = Debug|Any CPU
		{DF59F7DD-3170-4FBD-8014-589787AF4D60}.DVD-5|Any CPU.Build.0 = Debug|Any CPU
		{DF59F7DD-3170-4FBD-8014-589787AF4D60}.Release|Any CPU.ActiveCfg = Release|Any CPU
		{DF59F7DD-3170-4FBD-8014-589787AF4D60}.Release|Any CPU.Build.0 = Release|Any CPU
		{DF59F7DD-3170-4FBD-8014-589787AF4D60}.SingleImage|Any CPU.ActiveCfg = Release|Any CPU
		{DF59F7DD-3170-4FBD-8014-589787AF4D60}.SingleImage|Any CPU.Build.0 = Release|Any CPU
	EndGlobalSection
	GlobalSection(SolutionProperties) = preSolution
		HideSolutionNode = FALSE
	EndGlobalSection
EndGlobal
